
Microsoft Visual Studio Solution File, Format Version 12.00
# Visual Studio Version 17
VisualStudioVersion = 17.0.31903.59
MinimumVisualStudioVersion = 10.0.40219.1
Project("{2150E333-8FDC-42A3-9474-1A3956D46DE8}") = "src", "src", "{D7C7278C-039F-44E4-960F-324241B76A7C}"
EndProject
Project("{FAE04EC0-301F-11D3-BF4B-00C04F79EFBC}") = "TerminalGame.Tui", "src\TerminalGame.Tui\TerminalGame.Tui.csproj", "{283EB239-F9D2-4D5A-9AB8-D56FFE305021}"
EndProject
Project("{FAE04EC0-301F-11D3-BF4B-00C04F79EFBC}") = "TerminalGame.Demo", "src\TerminalGame.Demo\TerminalGame.Demo.csproj", "{9CC3E989-9E6B-400A-9611-4EFF3EB25BEF}"
EndProject
Project("{2150E333-8FDC-42A3-9474-1A3956D46DE8}") = "tests", "tests", "{ACF20CC4-5031-486E-9F3F-615A99213AF5}"
EndProject
Project("{FAE04EC0-301F-11D3-BF4B-00C04F79EFBC}") = "TerminalGame.Tui.Tests", "tests\TerminalGame.Tui.Tests\TerminalGame.Tui.Tests.csproj", "{30DD53D9-34DC-4563-8326-91CBC0099AF8}"
EndProject
Global
	GlobalSection(SolutionConfigurationPlatforms) = preSolution
		Debug|Any CPU = Debug|Any CPU
		Release|Any CPU = Release|Any CPU
	EndGlobalSection
	GlobalSection(SolutionProperties) = preSolution
		HideSolutionNode = FALSE
	EndGlobalSection
	GlobalSection(ProjectConfigurationPlatforms) = postSolution
		{283EB239-F9D2-4D5A-9AB8-D56FFE305021}.Debug|Any CPU.ActiveCfg = Debug|Any CPU
		{283EB239-F9D2-4D5A-9AB8-D56FFE305021}.Debug|Any CPU.Build.0 = Debug|Any CPU
		{283EB239-F9D2-4D5A-9AB8-D56FFE305021}.Release|Any CPU.ActiveCfg = Release|Any CPU
		{283EB239-F9D2-4D5A-9AB8-D56FFE305021}.Release|Any CPU.Build.0 = Release|Any CPU
		{9CC3E989-9E6B-400A-9611-4EFF3EB25BEF}.Debug|Any CPU.ActiveCfg = Debug|Any CPU
		{9CC3E989-9E6B-400A-9611-4EFF3EB25BEF}.Debug|Any CPU.Build.0 = Debug|Any CPU
		{9CC3E989-9E6B-400A-9611-4EFF3EB25BEF}.Release|Any CPU.ActiveCfg = Release|Any CPU
		{9CC3E989-9E6B-400A-9611-4EFF3EB25BEF}.Release|Any CPU.Build.0 = Release|Any CPU
		{30DD53D9-34DC-4563-8326-91CBC0099AF8}.Debug|Any CPU.ActiveCfg = Debug|Any CPU
		{30DD53D9-34DC-4563-8326-91CBC0099AF8}.Debug|Any CPU.Build.0 = Debug|Any CPU
		{30DD53D9-34DC-4563-8326-91CBC0099AF8}.Release|Any CPU.ActiveCfg = Release|Any CPU
		{30DD53D9-34DC-4563-8326-91CBC0099AF8}.Release|Any CPU.Build.0 = Release|Any CPU
	EndGlobalSection
	GlobalSection(NestedProjects) = preSolution
		{283EB239-F9D2-4D5A-9AB8-D56FFE305021} = {D7C7278C-039F-44E4-960F-324241B76A7C}
		{9CC3E989-9E6B-400A-9611-4EFF3EB25BEF} = {D7C7278C-039F-44E4-960F-324241B76A7C}
		{30DD53D9-34DC-4563-8326-91CBC0099AF8} = {ACF20CC4-5031-486E-9F3F-615A99213AF5}
	EndGlobalSection
EndGlobal
